
Microsoft Visual Studio Solution File, Format Version 12.00
# Visual Studio Version 17
VisualStudioVersion = 17.8.34322.80
MinimumVisualStudioVersion = 10.0.40219.1
Project("{FAE04EC0-301F-11D3-BF4B-00C04F79EFBC}") = "Projectapp", "Projectapp.csproj", "{F67246AD-AE55-47C5-B05A-DE73F7286F06}"
EndProject
Global
	GlobalSection(SolutionConfigurationPlatforms) = preSolution
		Debug|Any CPU = Debug|Any CPU
		Release|Any CPU = Release|Any CPU
	EndGlobalSection
	GlobalSection(ProjectConfigurationPlatforms) = postSolution
		{F67246AD-AE55-47C5-B05A-DE73F7286F06}.Debug|Any CPU.ActiveCfg = Debug|Any CPU
		{F67246AD-AE55-47C5-B05A-DE73F7286F06}.Debug|Any CPU.Build.0 = Debug|Any CPU
		{F67246AD-AE55-47C5-B05A-DE73F7286F06}.Release|Any CPU.ActiveCfg = Release|Any CPU
		{F67246AD-AE55-47C5-B05A-DE73F7286F06}.Release|Any CPU.Build.0 = Release|Any CPU
	EndGlobalSection
	GlobalSection(SolutionProperties) = preSolution
		HideSolutionNode = FALSE
	EndGlobalSection
	GlobalSection(ExtensibilityGlobals) = postSolution
		SolutionGuid = {2CAB1039-2C29-48C3-9696-DF5818658488}
	EndGlobalSection
EndGlobal
